// !$*UTF8*$!
{
	archiveVersion = 1;
	classes = {
	};
	objectVersion = 48;
	objects = {

/* Begin PBXBuildFile section */
		5F239C06215F24CF00EB70B3 /* RxCocoa.framework in Frameworks */ = {isa = PBXBuildFile; fileRef = 5F239C04215F24CF00EB70B3 /* RxCocoa.framework */; };
		5F239C07215F24CF00EB70B3 /* RxSwift.framework in Frameworks */ = {isa = PBXBuildFile; fileRef = 5F239C05215F24CF00EB70B3 /* RxSwift.framework */; };
		5F239C08215F252400EB70B3 /* ElegantEventsManager.swift in Sources */ = {isa = PBXBuildFile; fileRef = 96AF02B920A330D000568B2F /* ElegantEventsManager.swift */; };
		5F239C09215F252400EB70B3 /* ReusableObservableSubject.swift in Sources */ = {isa = PBXBuildFile; fileRef = 96AF02BA20A330D000568B2F /* ReusableObservableSubject.swift */; };
		5F239C0A215F252400EB70B3 /* Events.swift in Sources */ = {isa = PBXBuildFile; fileRef = 96AF02BC20A330D000568B2F /* Events.swift */; };
		5F239C0B215F252400EB70B3 /* Extensions.swift in Sources */ = {isa = PBXBuildFile; fileRef = 96AF02B720A330D000568B2F /* Extensions.swift */; };
		5F239C0C215F252400EB70B3 /* InheritPath.swift in Sources */ = {isa = PBXBuildFile; fileRef = 96AF02B820A330D000568B2F /* InheritPath.swift */; };
		5F239C0D215F252400EB70B3 /* Reusable.swift in Sources */ = {isa = PBXBuildFile; fileRef = 96AF02BB20A330D000568B2F /* Reusable.swift */; };
		5F239C0E215F252400EB70B3 /* ReusableContainer.swift in Sources */ = {isa = PBXBuildFile; fileRef = 96AF02BD20A330D000568B2F /* ReusableContainer.swift */; };
		5F239C0F215F252400EB70B3 /* SpecificManager.swift in Sources */ = {isa = PBXBuildFile; fileRef = 96AF02BE20A330D000568B2F /* SpecificManager.swift */; };
		5F239C29215F273400EB70B3 /* RxElegantReuse.framework in Frameworks */ = {isa = PBXBuildFile; fileRef = 5F239BFC215F24A400EB70B3 /* RxElegantReuse.framework */; };
		5F239C2A215F273400EB70B3 /* RxElegantReuse.framework in Embed Frameworks */ = {isa = PBXBuildFile; fileRef = 5F239BFC215F24A400EB70B3 /* RxElegantReuse.framework */; settings = {ATTRIBUTES = (CodeSignOnCopy, RemoveHeadersOnCopy, ); }; };
		5F239C2D215F273400EB70B3 /* RxCocoa.framework in Frameworks */ = {isa = PBXBuildFile; fileRef = 5F239C04215F24CF00EB70B3 /* RxCocoa.framework */; };
		5F239C2E215F273400EB70B3 /* RxCocoa.framework in Embed Frameworks */ = {isa = PBXBuildFile; fileRef = 5F239C04215F24CF00EB70B3 /* RxCocoa.framework */; settings = {ATTRIBUTES = (CodeSignOnCopy, RemoveHeadersOnCopy, ); }; };
		5F239C2F215F273400EB70B3 /* RxSwift.framework in Frameworks */ = {isa = PBXBuildFile; fileRef = 5F239C05215F24CF00EB70B3 /* RxSwift.framework */; };
		5F239C30215F273400EB70B3 /* RxSwift.framework in Embed Frameworks */ = {isa = PBXBuildFile; fileRef = 5F239C05215F24CF00EB70B3 /* RxSwift.framework */; settings = {ATTRIBUTES = (CodeSignOnCopy, RemoveHeadersOnCopy, ); }; };
		5F239C37215F27DE00EB70B3 /* UIKit.framework in Frameworks */ = {isa = PBXBuildFile; fileRef = 5F239C36215F27DE00EB70B3 /* UIKit.framework */; };
		5F239C3B215F4BE300EB70B3 /* AppDelegate.swift in Sources */ = {isa = PBXBuildFile; fileRef = 96AF02A620A3306900568B2F /* AppDelegate.swift */; };
		5F239C3C215F4BE300EB70B3 /* ViewController.swift in Sources */ = {isa = PBXBuildFile; fileRef = 96AF02A820A3306900568B2F /* ViewController.swift */; };
		5F239C43215F4F4C00EB70B3 /* RxDataSources.framework in Frameworks */ = {isa = PBXBuildFile; fileRef = 5F239C41215F4F4C00EB70B3 /* RxDataSources.framework */; };
		5F239C44215F4F4C00EB70B3 /* RxDataSources.framework in Embed Frameworks */ = {isa = PBXBuildFile; fileRef = 5F239C41215F4F4C00EB70B3 /* RxDataSources.framework */; settings = {ATTRIBUTES = (CodeSignOnCopy, RemoveHeadersOnCopy, ); }; };
		5F239C45215F4F4C00EB70B3 /* Differentiator.framework in Frameworks */ = {isa = PBXBuildFile; fileRef = 5F239C42215F4F4C00EB70B3 /* Differentiator.framework */; };
		5F239C46215F4F4C00EB70B3 /* Differentiator.framework in Embed Frameworks */ = {isa = PBXBuildFile; fileRef = 5F239C42215F4F4C00EB70B3 /* Differentiator.framework */; settings = {ATTRIBUTES = (CodeSignOnCopy, RemoveHeadersOnCopy, ); }; };
		5F239C47215F511200EB70B3 /* Assets.xcassets in Resources */ = {isa = PBXBuildFile; fileRef = 96AF02AD20A3306900568B2F /* Assets.xcassets */; };
		5FF82E98218AF19900BAE902 /* ReusableView.swift in Sources */ = {isa = PBXBuildFile; fileRef = 5FF82E97218AF19900BAE902 /* ReusableView.swift */; };
		5FF82E99218AF19900BAE902 /* ReusableView.swift in Sources */ = {isa = PBXBuildFile; fileRef = 5FF82E97218AF19900BAE902 /* ReusableView.swift */; };
		5FF82E9C218AF3AB00BAE902 /* ReusableViewContainer.swift in Sources */ = {isa = PBXBuildFile; fileRef = 5FF82E9B218AF3AB00BAE902 /* ReusableViewContainer.swift */; };
		5FF82E9D218AF3AB00BAE902 /* ReusableViewContainer.swift in Sources */ = {isa = PBXBuildFile; fileRef = 5FF82E9B218AF3AB00BAE902 /* ReusableViewContainer.swift */; };
		96AF02A720A3306900568B2F /* AppDelegate.swift in Sources */ = {isa = PBXBuildFile; fileRef = 96AF02A620A3306900568B2F /* AppDelegate.swift */; };
		96AF02A920A3306900568B2F /* ViewController.swift in Sources */ = {isa = PBXBuildFile; fileRef = 96AF02A820A3306900568B2F /* ViewController.swift */; };
		96AF02AE20A3306900568B2F /* Assets.xcassets in Resources */ = {isa = PBXBuildFile; fileRef = 96AF02AD20A3306900568B2F /* Assets.xcassets */; };
		96AF02B120A3306900568B2F /* LaunchScreen.storyboard in Resources */ = {isa = PBXBuildFile; fileRef = 96AF02AF20A3306900568B2F /* LaunchScreen.storyboard */; };
		96AF02CC20A342DA00568B2F /* RxElegantReuse.framework in Frameworks */ = {isa = PBXBuildFile; fileRef = 96AF029820A32F9800568B2F /* RxElegantReuse.framework */; };
		96AF02CF20A3498900568B2F /* ElegantEventsManager.swift in Sources */ = {isa = PBXBuildFile; fileRef = 96AF02B920A330D000568B2F /* ElegantEventsManager.swift */; };
		96AF02D020A3498900568B2F /* ReusableObservableSubject.swift in Sources */ = {isa = PBXBuildFile; fileRef = 96AF02BA20A330D000568B2F /* ReusableObservableSubject.swift */; };
		96AF02D120A3498900568B2F /* Events.swift in Sources */ = {isa = PBXBuildFile; fileRef = 96AF02BC20A330D000568B2F /* Events.swift */; };
		96AF02D220A3498900568B2F /* Extensions.swift in Sources */ = {isa = PBXBuildFile; fileRef = 96AF02B720A330D000568B2F /* Extensions.swift */; };
		96AF02D320A3498900568B2F /* InheritPath.swift in Sources */ = {isa = PBXBuildFile; fileRef = 96AF02B820A330D000568B2F /* InheritPath.swift */; };
		96AF02D420A3498900568B2F /* Reusable.swift in Sources */ = {isa = PBXBuildFile; fileRef = 96AF02BB20A330D000568B2F /* Reusable.swift */; };
		96AF02D520A3498900568B2F /* ReusableContainer.swift in Sources */ = {isa = PBXBuildFile; fileRef = 96AF02BD20A330D000568B2F /* ReusableContainer.swift */; };
		96AF02D620A3498900568B2F /* SpecificManager.swift in Sources */ = {isa = PBXBuildFile; fileRef = 96AF02BE20A330D000568B2F /* SpecificManager.swift */; };
		96C130A120A476350052F195 /* Differentiator.framework in Frameworks */ = {isa = PBXBuildFile; fileRef = 96AF02C920A3429600568B2F /* Differentiator.framework */; };
		96C130A220A476350052F195 /* RxCocoa.framework in Frameworks */ = {isa = PBXBuildFile; fileRef = 96AF02C620A3428100568B2F /* RxCocoa.framework */; };
		96C130A320A476350052F195 /* RxSwift.framework in Frameworks */ = {isa = PBXBuildFile; fileRef = 96AF02C420A3427500568B2F /* RxSwift.framework */; };
		96C130A520A476A00052F195 /* RxCocoa.framework in Frameworks */ = {isa = PBXBuildFile; fileRef = 96AF02C620A3428100568B2F /* RxCocoa.framework */; };
		96C130A620A476A00052F195 /* RxSwift.framework in Frameworks */ = {isa = PBXBuildFile; fileRef = 96AF02C420A3427500568B2F /* RxSwift.framework */; };
		96C130AA20A4963D0052F195 /* RxElegantReuse.framework in CopyFiles */ = {isa = PBXBuildFile; fileRef = 96AF029820A32F9800568B2F /* RxElegantReuse.framework */; settings = {ATTRIBUTES = (CodeSignOnCopy, RemoveHeadersOnCopy, ); }; };
		96C130AF20A4966C0052F195 /* RxDataSources.framework in CopyFiles */ = {isa = PBXBuildFile; fileRef = 96C130AB20A4966C0052F195 /* RxDataSources.framework */; settings = {ATTRIBUTES = (CodeSignOnCopy, RemoveHeadersOnCopy, ); }; };
		96C130B020A4966D0052F195 /* RxCocoa.framework in CopyFiles */ = {isa = PBXBuildFile; fileRef = 96C130AC20A4966C0052F195 /* RxCocoa.framework */; settings = {ATTRIBUTES = (CodeSignOnCopy, RemoveHeadersOnCopy, ); }; };
		96C130B120A4966D0052F195 /* RxSwift.framework in CopyFiles */ = {isa = PBXBuildFile; fileRef = 96C130AD20A4966C0052F195 /* RxSwift.framework */; settings = {ATTRIBUTES = (CodeSignOnCopy, RemoveHeadersOnCopy, ); }; };
		96C130B220A4966D0052F195 /* Differentiator.framework in CopyFiles */ = {isa = PBXBuildFile; fileRef = 96C130AE20A4966C0052F195 /* Differentiator.framework */; settings = {ATTRIBUTES = (CodeSignOnCopy, RemoveHeadersOnCopy, ); }; };
/* End PBXBuildFile section */

/* Begin PBXContainerItemProxy section */
		5F239C2B215F273400EB70B3 /* PBXContainerItemProxy */ = {
			isa = PBXContainerItemProxy;
			containerPortal = 96AF027E20A32D5900568B2F /* Project object */;
			proxyType = 1;
			remoteGlobalIDString = 5F239BFB215F24A400EB70B3;
			remoteInfo = "RxElegantReuse-tvOS";
		};
/* End PBXContainerItemProxy section */

/* Begin PBXCopyFilesBuildPhase section */
		5F239C35215F273400EB70B3 /* Embed Frameworks */ = {
			isa = PBXCopyFilesBuildPhase;
			buildActionMask = 2147483647;
			dstPath = "";
			dstSubfolderSpec = 10;
			files = (
				5F239C2E215F273400EB70B3 /* RxCocoa.framework in Embed Frameworks */,
				5F239C46215F4F4C00EB70B3 /* Differentiator.framework in Embed Frameworks */,
				5F239C2A215F273400EB70B3 /* RxElegantReuse.framework in Embed Frameworks */,
				5F239C30215F273400EB70B3 /* RxSwift.framework in Embed Frameworks */,
				5F239C44215F4F4C00EB70B3 /* RxDataSources.framework in Embed Frameworks */,
			);
			name = "Embed Frameworks";
			runOnlyForDeploymentPostprocessing = 0;
		};
		96C130A920A4962E0052F195 /* CopyFiles */ = {
			isa = PBXCopyFilesBuildPhase;
			buildActionMask = 2147483647;
			dstPath = "";
			dstSubfolderSpec = 10;
			files = (
				96C130AF20A4966C0052F195 /* RxDataSources.framework in CopyFiles */,
				96C130B020A4966D0052F195 /* RxCocoa.framework in CopyFiles */,
				96C130B120A4966D0052F195 /* RxSwift.framework in CopyFiles */,
				96C130B220A4966D0052F195 /* Differentiator.framework in CopyFiles */,
				96C130AA20A4963D0052F195 /* RxElegantReuse.framework in CopyFiles */,
			);
			runOnlyForDeploymentPostprocessing = 0;
		};
/* End PBXCopyFilesBuildPhase section */

/* Begin PBXFileReference section */
		5F239BFC215F24A400EB70B3 /* RxElegantReuse.framework */ = {isa = PBXFileReference; explicitFileType = wrapper.framework; includeInIndex = 0; path = RxElegantReuse.framework; sourceTree = BUILT_PRODUCTS_DIR; };
		5F239C04215F24CF00EB70B3 /* RxCocoa.framework */ = {isa = PBXFileReference; lastKnownFileType = wrapper.framework; name = RxCocoa.framework; path = Carthage/Build/tvOS/RxCocoa.framework; sourceTree = "<group>"; };
		5F239C05215F24CF00EB70B3 /* RxSwift.framework */ = {isa = PBXFileReference; lastKnownFileType = wrapper.framework; name = RxSwift.framework; path = Carthage/Build/tvOS/RxSwift.framework; sourceTree = "<group>"; };
		5F239C14215F25B000EB70B3 /* Demo-tvOS.app */ = {isa = PBXFileReference; explicitFileType = wrapper.application; includeInIndex = 0; path = "Demo-tvOS.app"; sourceTree = BUILT_PRODUCTS_DIR; };
		5F239C36215F27DE00EB70B3 /* UIKit.framework */ = {isa = PBXFileReference; lastKnownFileType = wrapper.framework; name = UIKit.framework; path = Platforms/AppleTVOS.platform/Developer/SDKs/AppleTVOS12.0.sdk/System/Library/Frameworks/UIKit.framework; sourceTree = DEVELOPER_DIR; };
		5F239C41215F4F4C00EB70B3 /* RxDataSources.framework */ = {isa = PBXFileReference; lastKnownFileType = wrapper.framework; name = RxDataSources.framework; path = Carthage/Build/tvOS/RxDataSources.framework; sourceTree = "<group>"; };
		5F239C42215F4F4C00EB70B3 /* Differentiator.framework */ = {isa = PBXFileReference; lastKnownFileType = wrapper.framework; name = Differentiator.framework; path = Carthage/Build/tvOS/Differentiator.framework; sourceTree = "<group>"; };
		5FF82E97218AF19900BAE902 /* ReusableView.swift */ = {isa = PBXFileReference; lastKnownFileType = sourcecode.swift; path = ReusableView.swift; sourceTree = "<group>"; };
		5FF82E9B218AF3AB00BAE902 /* ReusableViewContainer.swift */ = {isa = PBXFileReference; lastKnownFileType = sourcecode.swift; path = ReusableViewContainer.swift; sourceTree = "<group>"; };
		96AF028A20A32D5900568B2F /* RxElegantReuse.h */ = {isa = PBXFileReference; lastKnownFileType = sourcecode.c.h; path = RxElegantReuse.h; sourceTree = "<group>"; };
		96AF028B20A32D5900568B2F /* Info.plist */ = {isa = PBXFileReference; lastKnownFileType = text.plist.xml; path = Info.plist; sourceTree = "<group>"; };
		96AF029820A32F9800568B2F /* RxElegantReuse.framework */ = {isa = PBXFileReference; explicitFileType = wrapper.framework; includeInIndex = 0; path = RxElegantReuse.framework; sourceTree = BUILT_PRODUCTS_DIR; };
		96AF02A420A3306900568B2F /* Demo-iOS.app */ = {isa = PBXFileReference; explicitFileType = wrapper.application; includeInIndex = 0; path = "Demo-iOS.app"; sourceTree = BUILT_PRODUCTS_DIR; };
		96AF02A620A3306900568B2F /* AppDelegate.swift */ = {isa = PBXFileReference; lastKnownFileType = sourcecode.swift; path = AppDelegate.swift; sourceTree = "<group>"; };
		96AF02A820A3306900568B2F /* ViewController.swift */ = {isa = PBXFileReference; lastKnownFileType = sourcecode.swift; path = ViewController.swift; sourceTree = "<group>"; };
		96AF02AD20A3306900568B2F /* Assets.xcassets */ = {isa = PBXFileReference; lastKnownFileType = folder.assetcatalog; path = Assets.xcassets; sourceTree = "<group>"; };
		96AF02B020A3306900568B2F /* Base */ = {isa = PBXFileReference; lastKnownFileType = file.storyboard; name = Base; path = Base.lproj/LaunchScreen.storyboard; sourceTree = "<group>"; };
		96AF02B220A3306900568B2F /* Info.plist */ = {isa = PBXFileReference; lastKnownFileType = text.plist.xml; path = Info.plist; sourceTree = "<group>"; };
		96AF02B720A330D000568B2F /* Extensions.swift */ = {isa = PBXFileReference; lastKnownFileType = sourcecode.swift; path = Extensions.swift; sourceTree = "<group>"; };
		96AF02B820A330D000568B2F /* InheritPath.swift */ = {isa = PBXFileReference; lastKnownFileType = sourcecode.swift; path = InheritPath.swift; sourceTree = "<group>"; };
		96AF02B920A330D000568B2F /* ElegantEventsManager.swift */ = {isa = PBXFileReference; lastKnownFileType = sourcecode.swift; path = ElegantEventsManager.swift; sourceTree = "<group>"; };
		96AF02BA20A330D000568B2F /* ReusableObservableSubject.swift */ = {isa = PBXFileReference; lastKnownFileType = sourcecode.swift; path = ReusableObservableSubject.swift; sourceTree = "<group>"; };
		96AF02BB20A330D000568B2F /* Reusable.swift */ = {isa = PBXFileReference; lastKnownFileType = sourcecode.swift; path = Reusable.swift; sourceTree = "<group>"; };
		96AF02BC20A330D000568B2F /* Events.swift */ = {isa = PBXFileReference; lastKnownFileType = sourcecode.swift; path = Events.swift; sourceTree = "<group>"; };
		96AF02BD20A330D000568B2F /* ReusableContainer.swift */ = {isa = PBXFileReference; lastKnownFileType = sourcecode.swift; path = ReusableContainer.swift; sourceTree = "<group>"; };
		96AF02BE20A330D000568B2F /* SpecificManager.swift */ = {isa = PBXFileReference; lastKnownFileType = sourcecode.swift; path = SpecificManager.swift; sourceTree = "<group>"; };
		96AF02C420A3427500568B2F /* RxSwift.framework */ = {isa = PBXFileReference; lastKnownFileType = wrapper.framework; name = RxSwift.framework; path = Carthage/Build/iOS/RxSwift.framework; sourceTree = "<group>"; };
		96AF02C620A3428100568B2F /* RxCocoa.framework */ = {isa = PBXFileReference; lastKnownFileType = wrapper.framework; name = RxCocoa.framework; path = Carthage/Build/iOS/RxCocoa.framework; sourceTree = "<group>"; };
		96AF02C820A3429600568B2F /* RxDataSources.framework */ = {isa = PBXFileReference; lastKnownFileType = wrapper.framework; name = RxDataSources.framework; path = Carthage/Build/iOS/RxDataSources.framework; sourceTree = "<group>"; };
		96AF02C920A3429600568B2F /* Differentiator.framework */ = {isa = PBXFileReference; lastKnownFileType = wrapper.framework; name = Differentiator.framework; path = Carthage/Build/iOS/Differentiator.framework; sourceTree = "<group>"; };
		96C130AB20A4966C0052F195 /* RxDataSources.framework */ = {isa = PBXFileReference; lastKnownFileType = wrapper.framework; name = RxDataSources.framework; path = Carthage/Build/iOS/RxDataSources.framework; sourceTree = "<group>"; };
		96C130AC20A4966C0052F195 /* RxCocoa.framework */ = {isa = PBXFileReference; lastKnownFileType = wrapper.framework; name = RxCocoa.framework; path = Carthage/Build/iOS/RxCocoa.framework; sourceTree = "<group>"; };
		96C130AD20A4966C0052F195 /* RxSwift.framework */ = {isa = PBXFileReference; lastKnownFileType = wrapper.framework; name = RxSwift.framework; path = Carthage/Build/iOS/RxSwift.framework; sourceTree = "<group>"; };
		96C130AE20A4966C0052F195 /* Differentiator.framework */ = {isa = PBXFileReference; lastKnownFileType = wrapper.framework; name = Differentiator.framework; path = Carthage/Build/iOS/Differentiator.framework; sourceTree = "<group>"; };
/* End PBXFileReference section */

/* Begin PBXFrameworksBuildPhase section */
		5F239BF9215F24A400EB70B3 /* Frameworks */ = {
			isa = PBXFrameworksBuildPhase;
			buildActionMask = 2147483647;
			files = (
				5F239C06215F24CF00EB70B3 /* RxCocoa.framework in Frameworks */,
				5F239C07215F24CF00EB70B3 /* RxSwift.framework in Frameworks */,
			);
			runOnlyForDeploymentPostprocessing = 0;
		};
		5F239C11215F25B000EB70B3 /* Frameworks */ = {
			isa = PBXFrameworksBuildPhase;
			buildActionMask = 2147483647;
			files = (
				5F239C45215F4F4C00EB70B3 /* Differentiator.framework in Frameworks */,
				5F239C37215F27DE00EB70B3 /* UIKit.framework in Frameworks */,
				5F239C2D215F273400EB70B3 /* RxCocoa.framework in Frameworks */,
				5F239C43215F4F4C00EB70B3 /* RxDataSources.framework in Frameworks */,
				5F239C29215F273400EB70B3 /* RxElegantReuse.framework in Frameworks */,
				5F239C2F215F273400EB70B3 /* RxSwift.framework in Frameworks */,
			);
			runOnlyForDeploymentPostprocessing = 0;
		};
		96AF029420A32F9800568B2F /* Frameworks */ = {
			isa = PBXFrameworksBuildPhase;
			buildActionMask = 2147483647;
			files = (
				96C130A520A476A00052F195 /* RxCocoa.framework in Frameworks */,
				96C130A620A476A00052F195 /* RxSwift.framework in Frameworks */,
			);
			runOnlyForDeploymentPostprocessing = 0;
		};
		96AF02A120A3306900568B2F /* Frameworks */ = {
			isa = PBXFrameworksBuildPhase;
			buildActionMask = 2147483647;
			files = (
				96C130A120A476350052F195 /* Differentiator.framework in Frameworks */,
				96C130A220A476350052F195 /* RxCocoa.framework in Frameworks */,
				96C130A320A476350052F195 /* RxSwift.framework in Frameworks */,
				96AF02CC20A342DA00568B2F /* RxElegantReuse.framework in Frameworks */,
			);
			runOnlyForDeploymentPostprocessing = 0;
		};
/* End PBXFrameworksBuildPhase section */

/* Begin PBXGroup section */
		5FF82E95218AF09B00BAE902 /* Core */ = {
			isa = PBXGroup;
			children = (
				96AF02B920A330D000568B2F /* ElegantEventsManager.swift */,
				96AF02BA20A330D000568B2F /* ReusableObservableSubject.swift */,
				96AF02BC20A330D000568B2F /* Events.swift */,
				96AF02B720A330D000568B2F /* Extensions.swift */,
				96AF02B820A330D000568B2F /* InheritPath.swift */,
				96AF02BB20A330D000568B2F /* Reusable.swift */,
				96AF02BD20A330D000568B2F /* ReusableContainer.swift */,
				96AF02BE20A330D000568B2F /* SpecificManager.swift */,
			);
			path = Core;
			sourceTree = "<group>";
		};
		5FF82E96218AF0A300BAE902 /* UIKit */ = {
			isa = PBXGroup;
			children = (
				5FF82E97218AF19900BAE902 /* ReusableView.swift */,
				5FF82E9B218AF3AB00BAE902 /* ReusableViewContainer.swift */,
			);
			path = UIKit;
			sourceTree = "<group>";
		};
		96AF027D20A32D5900568B2F = {
			isa = PBXGroup;
			children = (
				96C130AE20A4966C0052F195 /* Differentiator.framework */,
				5F239C42215F4F4C00EB70B3 /* Differentiator.framework */,
				5F239C41215F4F4C00EB70B3 /* RxDataSources.framework */,
				96C130AC20A4966C0052F195 /* RxCocoa.framework */,
				96C130AB20A4966C0052F195 /* RxDataSources.framework */,
				96C130AD20A4966C0052F195 /* RxSwift.framework */,
				96AF028920A32D5900568B2F /* Sources */,
				96AF02A520A3306900568B2F /* Demo */,
				96AF028820A32D5900568B2F /* Products */,
				96AF02C220A3359400568B2F /* Frameworks */,
			);
			sourceTree = "<group>";
		};
		96AF028820A32D5900568B2F /* Products */ = {
			isa = PBXGroup;
			children = (
				96AF029820A32F9800568B2F /* RxElegantReuse.framework */,
				96AF02A420A3306900568B2F /* Demo-iOS.app */,
				5F239BFC215F24A400EB70B3 /* RxElegantReuse.framework */,
				5F239C14215F25B000EB70B3 /* Demo-tvOS.app */,
			);
			name = Products;
			sourceTree = "<group>";
		};
		96AF028920A32D5900568B2F /* Sources */ = {
			isa = PBXGroup;
			children = (
				5FF82E95218AF09B00BAE902 /* Core */,
				5FF82E96218AF0A300BAE902 /* UIKit */,
				96AF028A20A32D5900568B2F /* RxElegantReuse.h */,
				96AF028B20A32D5900568B2F /* Info.plist */,
			);
			path = Sources;
			sourceTree = "<group>";
		};
		96AF02A520A3306900568B2F /* Demo */ = {
			isa = PBXGroup;
			children = (
				96AF02A620A3306900568B2F /* AppDelegate.swift */,
				96AF02A820A3306900568B2F /* ViewController.swift */,
				96AF02AF20A3306900568B2F /* LaunchScreen.storyboard */,
				96AF02AD20A3306900568B2F /* Assets.xcassets */,
				96AF02B220A3306900568B2F /* Info.plist */,
			);
			path = Demo;
			sourceTree = "<group>";
		};
		96AF02C220A3359400568B2F /* Frameworks */ = {
			isa = PBXGroup;
			children = (
				5F239C36215F27DE00EB70B3 /* UIKit.framework */,
				5F239C04215F24CF00EB70B3 /* RxCocoa.framework */,
				5F239C05215F24CF00EB70B3 /* RxSwift.framework */,
				96AF02C920A3429600568B2F /* Differentiator.framework */,
				96AF02C820A3429600568B2F /* RxDataSources.framework */,
				96AF02C620A3428100568B2F /* RxCocoa.framework */,
				96AF02C420A3427500568B2F /* RxSwift.framework */,
			);
			name = Frameworks;
			sourceTree = "<group>";
		};
/* End PBXGroup section */

/* Begin PBXHeadersBuildPhase section */
		5F239BF7215F24A400EB70B3 /* Headers */ = {
			isa = PBXHeadersBuildPhase;
			buildActionMask = 2147483647;
			files = (
			);
			runOnlyForDeploymentPostprocessing = 0;
		};
		96AF029520A32F9800568B2F /* Headers */ = {
			isa = PBXHeadersBuildPhase;
			buildActionMask = 2147483647;
			files = (
			);
			runOnlyForDeploymentPostprocessing = 0;
		};
/* End PBXHeadersBuildPhase section */

/* Begin PBXNativeTarget section */
		5F239BFB215F24A400EB70B3 /* RxElegantReuse-tvOS */ = {
			isa = PBXNativeTarget;
			buildConfigurationList = 5F239C03215F24A400EB70B3 /* Build configuration list for PBXNativeTarget "RxElegantReuse-tvOS" */;
			buildPhases = (
				5F239BF7215F24A400EB70B3 /* Headers */,
				5F239BF8215F24A400EB70B3 /* Sources */,
				5F239BF9215F24A400EB70B3 /* Frameworks */,
				5F239BFA215F24A400EB70B3 /* Resources */,
			);
			buildRules = (
			);
			dependencies = (
			);
			name = "RxElegantReuse-tvOS";
			productName = "RxElegantReuse-tvOS";
			productReference = 5F239BFC215F24A400EB70B3 /* RxElegantReuse.framework */;
			productType = "com.apple.product-type.framework";
		};
		5F239C13215F25B000EB70B3 /* Demo-tvOS */ = {
			isa = PBXNativeTarget;
			buildConfigurationList = 5F239C20215F25BA00EB70B3 /* Build configuration list for PBXNativeTarget "Demo-tvOS" */;
			buildPhases = (
				5F239C10215F25B000EB70B3 /* Sources */,
				5F239C11215F25B000EB70B3 /* Frameworks */,
				5F239C12215F25B000EB70B3 /* Resources */,
				5F239C35215F273400EB70B3 /* Embed Frameworks */,
			);
			buildRules = (
			);
			dependencies = (
				5F239C2C215F273400EB70B3 /* PBXTargetDependency */,
			);
			name = "Demo-tvOS";
			productName = "Demo-tvOS";
			productReference = 5F239C14215F25B000EB70B3 /* Demo-tvOS.app */;
			productType = "com.apple.product-type.application";
		};
		96AF029720A32F9800568B2F /* RxElegantReuse-iOS */ = {
			isa = PBXNativeTarget;
			buildConfigurationList = 96AF029D20A32F9800568B2F /* Build configuration list for PBXNativeTarget "RxElegantReuse-iOS" */;
			buildPhases = (
				96AF029320A32F9800568B2F /* Sources */,
				96AF029420A32F9800568B2F /* Frameworks */,
				96AF029520A32F9800568B2F /* Headers */,
				96AF029620A32F9800568B2F /* Resources */,
			);
			buildRules = (
			);
			dependencies = (
			);
			name = "RxElegantReuse-iOS";
			productName = "RxElegantReuse-iOS";
			productReference = 96AF029820A32F9800568B2F /* RxElegantReuse.framework */;
			productType = "com.apple.product-type.framework";
		};
		96AF02A320A3306900568B2F /* Demo-iOS */ = {
			isa = PBXNativeTarget;
			buildConfigurationList = 96AF02B320A3306900568B2F /* Build configuration list for PBXNativeTarget "Demo-iOS" */;
			buildPhases = (
				96AF02A020A3306900568B2F /* Sources */,
				96AF02A120A3306900568B2F /* Frameworks */,
				96AF02A220A3306900568B2F /* Resources */,
				96C130A920A4962E0052F195 /* CopyFiles */,
			);
			buildRules = (
			);
			dependencies = (
			);
			name = "Demo-iOS";
			productName = "Demo-iOS";
			productReference = 96AF02A420A3306900568B2F /* Demo-iOS.app */;
			productType = "com.apple.product-type.application";
		};
/* End PBXNativeTarget section */

/* Begin PBXProject section */
		96AF027E20A32D5900568B2F /* Project object */ = {
			isa = PBXProject;
			attributes = {
				LastSwiftUpdateCheck = 1000;
				LastUpgradeCheck = 1000;
				ORGANIZATIONNAME = TStrawberry;
				TargetAttributes = {
					5F239BFB215F24A400EB70B3 = {
						CreatedOnToolsVersion = 10.0;
						ProvisioningStyle = Automatic;
					};
					5F239C13215F25B000EB70B3 = {
						CreatedOnToolsVersion = 10.0;
						ProvisioningStyle = Automatic;
					};
					96AF029720A32F9800568B2F = {
						CreatedOnToolsVersion = 9.0;
						LastSwiftMigration = 0900;
						ProvisioningStyle = Automatic;
					};
					96AF02A320A3306900568B2F = {
						CreatedOnToolsVersion = 9.0;
						ProvisioningStyle = Automatic;
					};
				};
			};
			buildConfigurationList = 96AF028120A32D5900568B2F /* Build configuration list for PBXProject "RxElegantReuse" */;
			compatibilityVersion = "Xcode 8.0";
			developmentRegion = en;
			hasScannedForEncodings = 0;
			knownRegions = (
				en,
				Base,
			);
			mainGroup = 96AF027D20A32D5900568B2F;
			productRefGroup = 96AF028820A32D5900568B2F /* Products */;
			projectDirPath = "";
			projectRoot = "";
			targets = (
				96AF029720A32F9800568B2F /* RxElegantReuse-iOS */,
				96AF02A320A3306900568B2F /* Demo-iOS */,
				5F239BFB215F24A400EB70B3 /* RxElegantReuse-tvOS */,
				5F239C13215F25B000EB70B3 /* Demo-tvOS */,
			);
		};
/* End PBXProject section */

/* Begin PBXResourcesBuildPhase section */
		5F239BFA215F24A400EB70B3 /* Resources */ = {
			isa = PBXResourcesBuildPhase;
			buildActionMask = 2147483647;
			files = (
			);
			runOnlyForDeploymentPostprocessing = 0;
		};
		5F239C12215F25B000EB70B3 /* Resources */ = {
			isa = PBXResourcesBuildPhase;
			buildActionMask = 2147483647;
			files = (
				5F239C47215F511200EB70B3 /* Assets.xcassets in Resources */,
			);
			runOnlyForDeploymentPostprocessing = 0;
		};
		96AF029620A32F9800568B2F /* Resources */ = {
			isa = PBXResourcesBuildPhase;
			buildActionMask = 2147483647;
			files = (
			);
			runOnlyForDeploymentPostprocessing = 0;
		};
		96AF02A220A3306900568B2F /* Resources */ = {
			isa = PBXResourcesBuildPhase;
			buildActionMask = 2147483647;
			files = (
				96AF02B120A3306900568B2F /* LaunchScreen.storyboard in Resources */,
				96AF02AE20A3306900568B2F /* Assets.xcassets in Resources */,
			);
			runOnlyForDeploymentPostprocessing = 0;
		};
/* End PBXResourcesBuildPhase section */

/* Begin PBXSourcesBuildPhase section */
		5F239BF8215F24A400EB70B3 /* Sources */ = {
			isa = PBXSourcesBuildPhase;
			buildActionMask = 2147483647;
			files = (
				5FF82E99218AF19900BAE902 /* ReusableView.swift in Sources */,
				5F239C0A215F252400EB70B3 /* Events.swift in Sources */,
				5F239C0F215F252400EB70B3 /* SpecificManager.swift in Sources */,
				5F239C0E215F252400EB70B3 /* ReusableContainer.swift in Sources */,
				5F239C09215F252400EB70B3 /* ReusableObservableSubject.swift in Sources */,
				5F239C0C215F252400EB70B3 /* InheritPath.swift in Sources */,
				5F239C0D215F252400EB70B3 /* Reusable.swift in Sources */,
				5F239C08215F252400EB70B3 /* ElegantEventsManager.swift in Sources */,
				5F239C0B215F252400EB70B3 /* Extensions.swift in Sources */,
				5FF82E9D218AF3AB00BAE902 /* ReusableViewContainer.swift in Sources */,
			);
			runOnlyForDeploymentPostprocessing = 0;
		};
		5F239C10215F25B000EB70B3 /* Sources */ = {
			isa = PBXSourcesBuildPhase;
			buildActionMask = 2147483647;
			files = (
				5F239C3C215F4BE300EB70B3 /* ViewController.swift in Sources */,
				5F239C3B215F4BE300EB70B3 /* AppDelegate.swift in Sources */,
			);
			runOnlyForDeploymentPostprocessing = 0;
		};
		96AF029320A32F9800568B2F /* Sources */ = {
			isa = PBXSourcesBuildPhase;
			buildActionMask = 2147483647;
			files = (
				5FF82E98218AF19900BAE902 /* ReusableView.swift in Sources */,
				96AF02D120A3498900568B2F /* Events.swift in Sources */,
				96AF02D620A3498900568B2F /* SpecificManager.swift in Sources */,
				96AF02D520A3498900568B2F /* ReusableContainer.swift in Sources */,
				96AF02CF20A3498900568B2F /* ElegantEventsManager.swift in Sources */,
				96AF02D320A3498900568B2F /* InheritPath.swift in Sources */,
				96AF02D420A3498900568B2F /* Reusable.swift in Sources */,
				96AF02D020A3498900568B2F /* ReusableObservableSubject.swift in Sources */,
				96AF02D220A3498900568B2F /* Extensions.swift in Sources */,
				5FF82E9C218AF3AB00BAE902 /* ReusableViewContainer.swift in Sources */,
			);
			runOnlyForDeploymentPostprocessing = 0;
		};
		96AF02A020A3306900568B2F /* Sources */ = {
			isa = PBXSourcesBuildPhase;
			buildActionMask = 2147483647;
			files = (
				96AF02A920A3306900568B2F /* ViewController.swift in Sources */,
				96AF02A720A3306900568B2F /* AppDelegate.swift in Sources */,
			);
			runOnlyForDeploymentPostprocessing = 0;
		};
/* End PBXSourcesBuildPhase section */

/* Begin PBXTargetDependency section */
		5F239C2C215F273400EB70B3 /* PBXTargetDependency */ = {
			isa = PBXTargetDependency;
			target = 5F239BFB215F24A400EB70B3 /* RxElegantReuse-tvOS */;
			targetProxy = 5F239C2B215F273400EB70B3 /* PBXContainerItemProxy */;
		};
/* End PBXTargetDependency section */

/* Begin PBXVariantGroup section */
		96AF02AF20A3306900568B2F /* LaunchScreen.storyboard */ = {
			isa = PBXVariantGroup;
			children = (
				96AF02B020A3306900568B2F /* Base */,
			);
			name = LaunchScreen.storyboard;
			sourceTree = "<group>";
		};
/* End PBXVariantGroup section */

/* Begin XCBuildConfiguration section */
		5F239C01215F24A400EB70B3 /* Debug */ = {
			isa = XCBuildConfiguration;
			buildSettings = {
				CLANG_ENABLE_OBJC_WEAK = YES;
				CODE_SIGN_IDENTITY = "";
				CODE_SIGN_STYLE = Automatic;
				DEFINES_MODULE = YES;
				DYLIB_COMPATIBILITY_VERSION = 1;
				DYLIB_CURRENT_VERSION = 1;
				DYLIB_INSTALL_NAME_BASE = "@rpath";
				FRAMEWORK_SEARCH_PATHS = (
					"$(inherited)",
					"$(PROJECT_DIR)/Carthage/Build/tvOS",
				);
				INFOPLIST_FILE = "$(SRCROOT)/Sources/Info.plist";
				INSTALL_PATH = "$(LOCAL_LIBRARY_DIR)/Frameworks";
				LD_RUNPATH_SEARCH_PATHS = "$(inherited) @executable_path/Frameworks @loader_path/Frameworks";
				MTL_ENABLE_DEBUG_INFO = INCLUDE_SOURCE;
				MTL_FAST_MATH = YES;
				PRODUCT_BUNDLE_IDENTIFIER = "com.github.TStrawberry.RxElegantReuse-tvOS";
				PRODUCT_NAME = RxElegantReuse;
				SDKROOT = appletvos;
				SKIP_INSTALL = YES;
				SWIFT_VERSION = 4.2;
				TARGETED_DEVICE_FAMILY = 3;
				TVOS_DEPLOYMENT_TARGET = 9.0;
			};
			name = Debug;
		};
		5F239C02215F24A400EB70B3 /* Release */ = {
			isa = XCBuildConfiguration;
			buildSettings = {
				CLANG_ENABLE_OBJC_WEAK = YES;
				CODE_SIGN_IDENTITY = "";
				CODE_SIGN_STYLE = Automatic;
				DEFINES_MODULE = YES;
				DYLIB_COMPATIBILITY_VERSION = 1;
				DYLIB_CURRENT_VERSION = 1;
				DYLIB_INSTALL_NAME_BASE = "@rpath";
				FRAMEWORK_SEARCH_PATHS = (
					"$(inherited)",
					"$(PROJECT_DIR)/Carthage/Build/tvOS",
				);
				INFOPLIST_FILE = "$(SRCROOT)/Sources/Info.plist";
				INSTALL_PATH = "$(LOCAL_LIBRARY_DIR)/Frameworks";
				LD_RUNPATH_SEARCH_PATHS = "$(inherited) @executable_path/Frameworks @loader_path/Frameworks";
				MTL_FAST_MATH = YES;
				PRODUCT_BUNDLE_IDENTIFIER = "com.github.TStrawberry.RxElegantReuse-tvOS";
				PRODUCT_NAME = RxElegantReuse;
				SDKROOT = appletvos;
				SKIP_INSTALL = YES;
				SWIFT_VERSION = 4.2;
				TARGETED_DEVICE_FAMILY = 3;
				TVOS_DEPLOYMENT_TARGET = 9.0;
			};
			name = Release;
		};
		5F239C21215F25BA00EB70B3 /* Debug */ = {
			isa = XCBuildConfiguration;
			buildSettings = {
				ALWAYS_EMBED_SWIFT_STANDARD_LIBRARIES = YES;
				CLANG_ENABLE_OBJC_WEAK = YES;
				CODE_SIGN_STYLE = Automatic;
				DEVELOPMENT_TEAM = "";
				FRAMEWORK_SEARCH_PATHS = (
					"$(inherited)",
					"$(PROJECT_DIR)/Carthage/Build/tvOS",
					"$(PROJECT_DIR)/Carthage/Build/iOS",
				);
				INFOPLIST_FILE = "$(SRCROOT)/Demo/Info.plist";
				LD_RUNPATH_SEARCH_PATHS = "$(inherited) @executable_path/Frameworks";
				MTL_ENABLE_DEBUG_INFO = INCLUDE_SOURCE;
				MTL_FAST_MATH = YES;
				PRODUCT_BUNDLE_IDENTIFIER = "com.github.TStrawberry.Demo-tvOS";
				PRODUCT_NAME = "$(TARGET_NAME)";
				SDKROOT = appletvos;
				SWIFT_VERSION = 4.0;
				TARGETED_DEVICE_FAMILY = 3;
				TVOS_DEPLOYMENT_TARGET = 11.0;
			};
			name = Debug;
		};
		5F239C22215F25BA00EB70B3 /* Release */ = {
			isa = XCBuildConfiguration;
			buildSettings = {
				ALWAYS_EMBED_SWIFT_STANDARD_LIBRARIES = YES;
				CLANG_ENABLE_OBJC_WEAK = YES;
				CODE_SIGN_STYLE = Automatic;
				DEVELOPMENT_TEAM = "";
				FRAMEWORK_SEARCH_PATHS = (
					"$(inherited)",
					"$(PROJECT_DIR)/Carthage/Build/tvOS",
					"$(PROJECT_DIR)/Carthage/Build/iOS",
				);
				INFOPLIST_FILE = "$(SRCROOT)/Demo/Info.plist";
				LD_RUNPATH_SEARCH_PATHS = "$(inherited) @executable_path/Frameworks";
				MTL_FAST_MATH = YES;
				PRODUCT_BUNDLE_IDENTIFIER = "com.github.TStrawberry.Demo-tvOS";
				PRODUCT_NAME = "$(TARGET_NAME)";
				SDKROOT = appletvos;
				SWIFT_VERSION = 4.0;
				TARGETED_DEVICE_FAMILY = 3;
				TVOS_DEPLOYMENT_TARGET = 11.0;
			};
			name = Release;
		};
		96AF028D20A32D5900568B2F /* Debug */ = {
			isa = XCBuildConfiguration;
			buildSettings = {
				ALWAYS_SEARCH_USER_PATHS = NO;
				CLANG_ANALYZER_NONNULL = YES;
				CLANG_ANALYZER_NUMBER_OBJECT_CONVERSION = YES_AGGRESSIVE;
				CLANG_CXX_LANGUAGE_STANDARD = "gnu++14";
				CLANG_CXX_LIBRARY = "libc++";
				CLANG_ENABLE_MODULES = YES;
				CLANG_ENABLE_OBJC_ARC = YES;
				CLANG_WARN_BLOCK_CAPTURE_AUTORELEASING = YES;
				CLANG_WARN_BOOL_CONVERSION = YES;
				CLANG_WARN_COMMA = YES;
				CLANG_WARN_CONSTANT_CONVERSION = YES;
				CLANG_WARN_DEPRECATED_OBJC_IMPLEMENTATIONS = YES;
				CLANG_WARN_DIRECT_OBJC_ISA_USAGE = YES_ERROR;
				CLANG_WARN_DOCUMENTATION_COMMENTS = YES;
				CLANG_WARN_EMPTY_BODY = YES;
				CLANG_WARN_ENUM_CONVERSION = YES;
				CLANG_WARN_INFINITE_RECURSION = YES;
				CLANG_WARN_INT_CONVERSION = YES;
				CLANG_WARN_NON_LITERAL_NULL_CONVERSION = YES;
				CLANG_WARN_OBJC_IMPLICIT_RETAIN_SELF = YES;
				CLANG_WARN_OBJC_LITERAL_CONVERSION = YES;
				CLANG_WARN_OBJC_ROOT_CLASS = YES_ERROR;
				CLANG_WARN_RANGE_LOOP_ANALYSIS = YES;
				CLANG_WARN_STRICT_PROTOTYPES = YES;
				CLANG_WARN_SUSPICIOUS_MOVE = YES;
				CLANG_WARN_UNGUARDED_AVAILABILITY = YES_AGGRESSIVE;
				CLANG_WARN_UNREACHABLE_CODE = YES;
				CLANG_WARN__DUPLICATE_METHOD_MATCH = YES;
				CODE_SIGN_IDENTITY = "iPhone Developer";
				COPY_PHASE_STRIP = NO;
				CURRENT_PROJECT_VERSION = 1;
				DEBUG_INFORMATION_FORMAT = dwarf;
				ENABLE_STRICT_OBJC_MSGSEND = YES;
				ENABLE_TESTABILITY = YES;
				GCC_C_LANGUAGE_STANDARD = gnu11;
				GCC_DYNAMIC_NO_PIC = NO;
				GCC_NO_COMMON_BLOCKS = YES;
				GCC_OPTIMIZATION_LEVEL = 0;
				GCC_PREPROCESSOR_DEFINITIONS = (
					"DEBUG=1",
					"$(inherited)",
				);
				GCC_WARN_64_TO_32_BIT_CONVERSION = YES;
				GCC_WARN_ABOUT_RETURN_TYPE = YES_ERROR;
				GCC_WARN_UNDECLARED_SELECTOR = YES;
				GCC_WARN_UNINITIALIZED_AUTOS = YES_AGGRESSIVE;
				GCC_WARN_UNUSED_FUNCTION = YES;
				GCC_WARN_UNUSED_VARIABLE = YES;
				IPHONEOS_DEPLOYMENT_TARGET = 8.0;
				MTL_ENABLE_DEBUG_INFO = YES;
				ONLY_ACTIVE_ARCH = YES;
				PRODUCT_NAME = RxElegantReuse;
				SDKROOT = iphoneos;
				SWIFT_ACTIVE_COMPILATION_CONDITIONS = DEBUG;
				SWIFT_OPTIMIZATION_LEVEL = "-Onone";
				SWIFT_VERSION = 4.0;
				VERSIONING_SYSTEM = "apple-generic";
				VERSION_INFO_PREFIX = "";
			};
			name = Debug;
		};
		96AF028E20A32D5900568B2F /* Release */ = {
			isa = XCBuildConfiguration;
			buildSettings = {
				ALWAYS_SEARCH_USER_PATHS = NO;
				CLANG_ANALYZER_NONNULL = YES;
				CLANG_ANALYZER_NUMBER_OBJECT_CONVERSION = YES_AGGRESSIVE;
				CLANG_CXX_LANGUAGE_STANDARD = "gnu++14";
				CLANG_CXX_LIBRARY = "libc++";
				CLANG_ENABLE_MODULES = YES;
				CLANG_ENABLE_OBJC_ARC = YES;
				CLANG_WARN_BLOCK_CAPTURE_AUTORELEASING = YES;
				CLANG_WARN_BOOL_CONVERSION = YES;
				CLANG_WARN_COMMA = YES;
				CLANG_WARN_CONSTANT_CONVERSION = YES;
				CLANG_WARN_DEPRECATED_OBJC_IMPLEMENTATIONS = YES;
				CLANG_WARN_DIRECT_OBJC_ISA_USAGE = YES_ERROR;
				CLANG_WARN_DOCUMENTATION_COMMENTS = YES;
				CLANG_WARN_EMPTY_BODY = YES;
				CLANG_WARN_ENUM_CONVERSION = YES;
				CLANG_WARN_INFINITE_RECURSION = YES;
				CLANG_WARN_INT_CONVERSION = YES;
				CLANG_WARN_NON_LITERAL_NULL_CONVERSION = YES;
				CLANG_WARN_OBJC_IMPLICIT_RETAIN_SELF = YES;
				CLANG_WARN_OBJC_LITERAL_CONVERSION = YES;
				CLANG_WARN_OBJC_ROOT_CLASS = YES_ERROR;
				CLANG_WARN_RANGE_LOOP_ANALYSIS = YES;
				CLANG_WARN_STRICT_PROTOTYPES = YES;
				CLANG_WARN_SUSPICIOUS_MOVE = YES;
				CLANG_WARN_UNGUARDED_AVAILABILITY = YES_AGGRESSIVE;
				CLANG_WARN_UNREACHABLE_CODE = YES;
				CLANG_WARN__DUPLICATE_METHOD_MATCH = YES;
				CODE_SIGN_IDENTITY = "iPhone Developer";
				COPY_PHASE_STRIP = NO;
				CURRENT_PROJECT_VERSION = 1;
				DEBUG_INFORMATION_FORMAT = "dwarf-with-dsym";
				ENABLE_NS_ASSERTIONS = NO;
				ENABLE_STRICT_OBJC_MSGSEND = YES;
				GCC_C_LANGUAGE_STANDARD = gnu11;
				GCC_NO_COMMON_BLOCKS = YES;
				GCC_WARN_64_TO_32_BIT_CONVERSION = YES;
				GCC_WARN_ABOUT_RETURN_TYPE = YES_ERROR;
				GCC_WARN_UNDECLARED_SELECTOR = YES;
				GCC_WARN_UNINITIALIZED_AUTOS = YES_AGGRESSIVE;
				GCC_WARN_UNUSED_FUNCTION = YES;
				GCC_WARN_UNUSED_VARIABLE = YES;
				IPHONEOS_DEPLOYMENT_TARGET = 8.0;
				MTL_ENABLE_DEBUG_INFO = NO;
				PRODUCT_NAME = RxElegantReuse;
				SDKROOT = iphoneos;
				SWIFT_OPTIMIZATION_LEVEL = "-Owholemodule";
				SWIFT_VERSION = 4.0;
				VALIDATE_PRODUCT = YES;
				VERSIONING_SYSTEM = "apple-generic";
				VERSION_INFO_PREFIX = "";
			};
			name = Release;
		};
		96AF029E20A32F9800568B2F /* Debug */ = {
			isa = XCBuildConfiguration;
			buildSettings = {
				CLANG_ENABLE_MODULES = YES;
				CODE_SIGN_IDENTITY = "";
				CODE_SIGN_STYLE = Automatic;
				DEFINES_MODULE = YES;
				DYLIB_COMPATIBILITY_VERSION = 1;
				DYLIB_CURRENT_VERSION = 1;
				DYLIB_INSTALL_NAME_BASE = "@rpath";
				FRAMEWORK_SEARCH_PATHS = (
					"$(inherited)",
					"$(PROJECT_DIR)/Carthage/Build/iOS",
				);
				INFOPLIST_FILE = "$(SRCROOT)/Sources/Info.plist";
				INSTALL_PATH = "$(LOCAL_LIBRARY_DIR)/Frameworks";
				IPHONEOS_DEPLOYMENT_TARGET = 8.0;
				LD_RUNPATH_SEARCH_PATHS = "$(inherited) @executable_path/Frameworks @loader_path/Frameworks";
				OTHER_SWIFT_FLAGS = "";
				PRODUCT_BUNDLE_IDENTIFIER = "com.github.TStrawberry.RxElegantReuse-iOS";
				PRODUCT_MODULE_NAME = RxElegantReuse;
				PRODUCT_NAME = RxElegantReuse;
				SKIP_INSTALL = YES;
				SWIFT_OPTIMIZATION_LEVEL = "-Onone";
				SWIFT_VERSION = 4.0;
				TARGETED_DEVICE_FAMILY = "1,2";
			};
			name = Debug;
		};
		96AF029F20A32F9800568B2F /* Release */ = {
			isa = XCBuildConfiguration;
			buildSettings = {
				CLANG_ENABLE_MODULES = YES;
				CODE_SIGN_IDENTITY = "";
				CODE_SIGN_STYLE = Automatic;
				DEFINES_MODULE = YES;
				DYLIB_COMPATIBILITY_VERSION = 1;
				DYLIB_CURRENT_VERSION = 1;
				DYLIB_INSTALL_NAME_BASE = "@rpath";
				FRAMEWORK_SEARCH_PATHS = (
					"$(inherited)",
					"$(PROJECT_DIR)/Carthage/Build/iOS",
				);
				INFOPLIST_FILE = "$(SRCROOT)/Sources/Info.plist";
				INSTALL_PATH = "$(LOCAL_LIBRARY_DIR)/Frameworks";
				IPHONEOS_DEPLOYMENT_TARGET = 8.0;
				LD_RUNPATH_SEARCH_PATHS = "$(inherited) @executable_path/Frameworks @loader_path/Frameworks";
				OTHER_SWIFT_FLAGS = "";
				PRODUCT_BUNDLE_IDENTIFIER = "com.github.TStrawberry.RxElegantReuse-iOS";
				PRODUCT_MODULE_NAME = RxElegantReuse;
				PRODUCT_NAME = RxElegantReuse;
				SKIP_INSTALL = YES;
				SWIFT_VERSION = 4.0;
				TARGETED_DEVICE_FAMILY = "1,2";
			};
			name = Release;
		};
		96AF02B420A3306900568B2F /* Debug */ = {
			isa = XCBuildConfiguration;
			buildSettings = {
				ASSETCATALOG_COMPILER_APPICON_NAME = AppIcon;
				CODE_SIGN_STYLE = Automatic;
				DEVELOPMENT_TEAM = SDF9L7TXW5;
				FRAMEWORK_SEARCH_PATHS = (
					"$(inherited)",
					"$(PROJECT_DIR)/Carthage/Build/iOS",
				);
				INFOPLIST_FILE = "$(SRCROOT)/Demo/Info.plist";
				IPHONEOS_DEPLOYMENT_TARGET = 11.0;
				LD_RUNPATH_SEARCH_PATHS = "$(inherited) @executable_path/Frameworks";
				OTHER_SWIFT_FLAGS = "";
				PRODUCT_BUNDLE_IDENTIFIER = "com.github.TStrawberry.Demo-iOS";
				PRODUCT_NAME = "$(TARGET_NAME)";
				SWIFT_VERSION = 4.0;
				TARGETED_DEVICE_FAMILY = "1,2";
			};
			name = Debug;
		};
		96AF02B520A3306900568B2F /* Release */ = {
			isa = XCBuildConfiguration;
			buildSettings = {
				ASSETCATALOG_COMPILER_APPICON_NAME = AppIcon;
				CODE_SIGN_STYLE = Automatic;
				DEVELOPMENT_TEAM = SDF9L7TXW5;
				FRAMEWORK_SEARCH_PATHS = (
					"$(inherited)",
					"$(PROJECT_DIR)/Carthage/Build/iOS",
				);
				INFOPLIST_FILE = "$(SRCROOT)/Demo/Info.plist";
				IPHONEOS_DEPLOYMENT_TARGET = 11.0;
				LD_RUNPATH_SEARCH_PATHS = "$(inherited) @executable_path/Frameworks";
				OTHER_SWIFT_FLAGS = "";
				PRODUCT_BUNDLE_IDENTIFIER = "com.github.TStrawberry.Demo-iOS";
				PRODUCT_NAME = "$(TARGET_NAME)";
				SWIFT_VERSION = 4.0;
				TARGETED_DEVICE_FAMILY = "1,2";
			};
			name = Release;
		};
/* End XCBuildConfiguration section */

/* Begin XCConfigurationList section */
		5F239C03215F24A400EB70B3 /* Build configuration list for PBXNativeTarget "RxElegantReuse-tvOS" */ = {
			isa = XCConfigurationList;
			buildConfigurations = (
				5F239C01215F24A400EB70B3 /* Debug */,
				5F239C02215F24A400EB70B3 /* Release */,
			);
			defaultConfigurationIsVisible = 0;
			defaultConfigurationName = Release;
		};
		5F239C20215F25BA00EB70B3 /* Build configuration list for PBXNativeTarget "Demo-tvOS" */ = {
			isa = XCConfigurationList;
			buildConfigurations = (
				5F239C21215F25BA00EB70B3 /* Debug */,
				5F239C22215F25BA00EB70B3 /* Release */,
			);
			defaultConfigurationIsVisible = 0;
			defaultConfigurationName = Release;
		};
		96AF028120A32D5900568B2F /* Build configuration list for PBXProject "RxElegantReuse" */ = {
			isa = XCConfigurationList;
			buildConfigurations = (
				96AF028D20A32D5900568B2F /* Debug */,
				96AF028E20A32D5900568B2F /* Release */,
			);
			defaultConfigurationIsVisible = 0;
			defaultConfigurationName = Release;
		};
		96AF029D20A32F9800568B2F /* Build configuration list for PBXNativeTarget "RxElegantReuse-iOS" */ = {
			isa = XCConfigurationList;
			buildConfigurations = (
				96AF029E20A32F9800568B2F /* Debug */,
				96AF029F20A32F9800568B2F /* Release */,
			);
			defaultConfigurationIsVisible = 0;
			defaultConfigurationName = Release;
		};
		96AF02B320A3306900568B2F /* Build configuration list for PBXNativeTarget "Demo-iOS" */ = {
			isa = XCConfigurationList;
			buildConfigurations = (
				96AF02B420A3306900568B2F /* Debug */,
				96AF02B520A3306900568B2F /* Release */,
			);
			defaultConfigurationIsVisible = 0;
			defaultConfigurationName = Release;
		};
/* End XCConfigurationList section */
	};
	rootObject = 96AF027E20A32D5900568B2F /* Project object */;
}
